// !$*UTF8*$!
{
	archiveVersion = 1;
	classes = {
	};
	objectVersion = 55;
	objects = {

/* Begin PBXBuildFile section */
		4366F4962C69FBF200309225 /* Constants.swift in Sources */ = {isa = PBXBuildFile; fileRef = 4366F4952C69FBF200309225 /* Constants.swift */; };
		4366F49C2C6A0CCA00309225 /* AuthViewController.swift in Sources */ = {isa = PBXBuildFile; fileRef = 4366F49B2C6A0CCA00309225 /* AuthViewController.swift */; };
		4366F49E2C6A0DB300309225 /* WebViewViewController.swift in Sources */ = {isa = PBXBuildFile; fileRef = 4366F49D2C6A0DB300309225 /* WebViewViewController.swift */; };
		4366F4A22C6CA8B600309225 /* OAuth2Service.swift in Sources */ = {isa = PBXBuildFile; fileRef = 4366F4A12C6CA8B600309225 /* OAuth2Service.swift */; };
		4366F4A52C6CB38A00309225 /* URLSession+data.swift in Sources */ = {isa = PBXBuildFile; fileRef = 4366F4A42C6CB38A00309225 /* URLSession+data.swift */; };
		4366F4A72C6CBC7B00309225 /* OAuth2TokenStorage.swift in Sources */ = {isa = PBXBuildFile; fileRef = 4366F4A62C6CBC7B00309225 /* OAuth2TokenStorage.swift */; };
		4366F4AA2C6CF2BE00309225 /* OAuthTokenResponseBody.swift in Sources */ = {isa = PBXBuildFile; fileRef = 4366F4A92C6CF2BE00309225 /* OAuthTokenResponseBody.swift */; };
		4369EA002C47F42300456488 /* AppDelegate.swift in Sources */ = {isa = PBXBuildFile; fileRef = 4369E9FF2C47F42300456488 /* AppDelegate.swift */; };
		4369EA022C47F42300456488 /* SceneDelegate.swift in Sources */ = {isa = PBXBuildFile; fileRef = 4369EA012C47F42300456488 /* SceneDelegate.swift */; };
		4369EA042C47F42300456488 /* ImagesListViewController.swift in Sources */ = {isa = PBXBuildFile; fileRef = 4369EA032C47F42300456488 /* ImagesListViewController.swift */; };
		4369EA072C47F42300456488 /* Main.storyboard in Resources */ = {isa = PBXBuildFile; fileRef = 4369EA052C47F42300456488 /* Main.storyboard */; };
		4369EA092C47F42400456488 /* Assets.xcassets in Resources */ = {isa = PBXBuildFile; fileRef = 4369EA082C47F42400456488 /* Assets.xcassets */; };
		4369EA0C2C47F42400456488 /* LaunchScreen.storyboard in Resources */ = {isa = PBXBuildFile; fileRef = 4369EA0A2C47F42400456488 /* LaunchScreen.storyboard */; };
		4369EA352C4EA9AA00456488 /* ImagesListCell.swift in Sources */ = {isa = PBXBuildFile; fileRef = 4369EA342C4EA9AA00456488 /* ImagesListCell.swift */; };
		4369EA382C5388B400456488 /* ProfileViewController.swift in Sources */ = {isa = PBXBuildFile; fileRef = 4369EA372C5388B400456488 /* ProfileViewController.swift */; };
		4369EA3D2C538E2F00456488 /* SFProText-Bold.ttf in Resources */ = {isa = PBXBuildFile; fileRef = 4369EA3B2C538E2F00456488 /* SFProText-Bold.ttf */; };
		4369EA3E2C538E2F00456488 /* SFProText-Regular.ttf in Resources */ = {isa = PBXBuildFile; fileRef = 4369EA3C2C538E2F00456488 /* SFProText-Regular.ttf */; };
		4369EA402C58E63300456488 /* SingleImageViewController.swift in Sources */ = {isa = PBXBuildFile; fileRef = 4369EA3F2C58E63300456488 /* SingleImageViewController.swift */; };
		43BA28E52C6DEACD00FFC88B /* SplashViewController.swift in Sources */ = {isa = PBXBuildFile; fileRef = 43BA28E42C6DEACD00FFC88B /* SplashViewController.swift */; };
		43BA28E72C6DED9A00FFC88B /* AuthViewControllerDelegate.swift in Sources */ = {isa = PBXBuildFile; fileRef = 43BA28E62C6DED9A00FFC88B /* AuthViewControllerDelegate.swift */; };
		43BA28EA2C7DD73E00FFC88B /* ProgressHUD in Frameworks */ = {isa = PBXBuildFile; productRef = 43BA28E92C7DD73E00FFC88B /* ProgressHUD */; };
		43BA28ED2C7DEE3000FFC88B /* UIBlockingProgressHUD.swift in Sources */ = {isa = PBXBuildFile; fileRef = 43BA28EC2C7DEE3000FFC88B /* UIBlockingProgressHUD.swift */; };
		43BA28EF2C80651800FFC88B /* ProfileService.swift in Sources */ = {isa = PBXBuildFile; fileRef = 43BA28EE2C80651800FFC88B /* ProfileService.swift */; };
		43BA28F12C80656700FFC88B /* ProfileResultBody.swift in Sources */ = {isa = PBXBuildFile; fileRef = 43BA28F02C80656700FFC88B /* ProfileResultBody.swift */; };
		43BA28F32C808B1F00FFC88B /* ProfileImageService.swift in Sources */ = {isa = PBXBuildFile; fileRef = 43BA28F22C808B1F00FFC88B /* ProfileImageService.swift */; };
		43BA28F52C808C4C00FFC88B /* UserResultBody.swift in Sources */ = {isa = PBXBuildFile; fileRef = 43BA28F42C808C4C00FFC88B /* UserResultBody.swift */; };
		43BA28F82C81DC0F00FFC88B /* Kingfisher in Frameworks */ = {isa = PBXBuildFile; productRef = 43BA28F72C81DC0F00FFC88B /* Kingfisher */; };
		43BA28FB2C81FB7000FFC88B /* SwiftKeychainWrapper in Frameworks */ = {isa = PBXBuildFile; productRef = 43BA28FA2C81FB7000FFC88B /* SwiftKeychainWrapper */; };
		43BA28FE2C81FDD800FFC88B /* TabBarController.swift in Sources */ = {isa = PBXBuildFile; fileRef = 43BA28FD2C81FDD800FFC88B /* TabBarController.swift */; };
/* End PBXBuildFile section */

/* Begin PBXFileReference section */
		4366F4952C69FBF200309225 /* Constants.swift */ = {isa = PBXFileReference; lastKnownFileType = sourcecode.swift; path = Constants.swift; sourceTree = "<group>"; };
		4366F49B2C6A0CCA00309225 /* AuthViewController.swift */ = {isa = PBXFileReference; lastKnownFileType = sourcecode.swift; path = AuthViewController.swift; sourceTree = "<group>"; };
		4366F49D2C6A0DB300309225 /* WebViewViewController.swift */ = {isa = PBXFileReference; lastKnownFileType = sourcecode.swift; path = WebViewViewController.swift; sourceTree = "<group>"; };
		4366F4A12C6CA8B600309225 /* OAuth2Service.swift */ = {isa = PBXFileReference; lastKnownFileType = sourcecode.swift; path = OAuth2Service.swift; sourceTree = "<group>"; };
		4366F4A42C6CB38A00309225 /* URLSession+data.swift */ = {isa = PBXFileReference; lastKnownFileType = sourcecode.swift; path = "URLSession+data.swift"; sourceTree = "<group>"; };
		4366F4A62C6CBC7B00309225 /* OAuth2TokenStorage.swift */ = {isa = PBXFileReference; lastKnownFileType = sourcecode.swift; path = OAuth2TokenStorage.swift; sourceTree = "<group>"; };
		4366F4A92C6CF2BE00309225 /* OAuthTokenResponseBody.swift */ = {isa = PBXFileReference; lastKnownFileType = sourcecode.swift; path = OAuthTokenResponseBody.swift; sourceTree = "<group>"; };
		4369E9FC2C47F42300456488 /* ImageFeed.app */ = {isa = PBXFileReference; explicitFileType = wrapper.application; includeInIndex = 0; path = ImageFeed.app; sourceTree = BUILT_PRODUCTS_DIR; };
		4369E9FF2C47F42300456488 /* AppDelegate.swift */ = {isa = PBXFileReference; lastKnownFileType = sourcecode.swift; path = AppDelegate.swift; sourceTree = "<group>"; };
		4369EA012C47F42300456488 /* SceneDelegate.swift */ = {isa = PBXFileReference; lastKnownFileType = sourcecode.swift; path = SceneDelegate.swift; sourceTree = "<group>"; };
		4369EA032C47F42300456488 /* ImagesListViewController.swift */ = {isa = PBXFileReference; lastKnownFileType = sourcecode.swift; path = ImagesListViewController.swift; sourceTree = "<group>"; };
		4369EA062C47F42300456488 /* Base */ = {isa = PBXFileReference; lastKnownFileType = file.storyboard; name = Base; path = Base.lproj/Main.storyboard; sourceTree = "<group>"; };
		4369EA082C47F42400456488 /* Assets.xcassets */ = {isa = PBXFileReference; lastKnownFileType = folder.assetcatalog; path = Assets.xcassets; sourceTree = "<group>"; };
		4369EA0B2C47F42400456488 /* Base */ = {isa = PBXFileReference; lastKnownFileType = file.storyboard; name = Base; path = Base.lproj/LaunchScreen.storyboard; sourceTree = "<group>"; };
		4369EA0D2C47F42400456488 /* Info.plist */ = {isa = PBXFileReference; lastKnownFileType = text.plist.xml; path = Info.plist; sourceTree = "<group>"; };
		4369EA342C4EA9AA00456488 /* ImagesListCell.swift */ = {isa = PBXFileReference; lastKnownFileType = sourcecode.swift; path = ImagesListCell.swift; sourceTree = "<group>"; };
		4369EA372C5388B400456488 /* ProfileViewController.swift */ = {isa = PBXFileReference; lastKnownFileType = sourcecode.swift; path = ProfileViewController.swift; sourceTree = "<group>"; };
		4369EA3B2C538E2F00456488 /* SFProText-Bold.ttf */ = {isa = PBXFileReference; lastKnownFileType = file; path = "SFProText-Bold.ttf"; sourceTree = "<group>"; };
		4369EA3C2C538E2F00456488 /* SFProText-Regular.ttf */ = {isa = PBXFileReference; lastKnownFileType = file; path = "SFProText-Regular.ttf"; sourceTree = "<group>"; };
		4369EA3F2C58E63300456488 /* SingleImageViewController.swift */ = {isa = PBXFileReference; lastKnownFileType = sourcecode.swift; path = SingleImageViewController.swift; sourceTree = "<group>"; };
		43BA28E42C6DEACD00FFC88B /* SplashViewController.swift */ = {isa = PBXFileReference; lastKnownFileType = sourcecode.swift; path = SplashViewController.swift; sourceTree = "<group>"; };
		43BA28E62C6DED9A00FFC88B /* AuthViewControllerDelegate.swift */ = {isa = PBXFileReference; lastKnownFileType = sourcecode.swift; path = AuthViewControllerDelegate.swift; sourceTree = "<group>"; };
		43BA28EC2C7DEE3000FFC88B /* UIBlockingProgressHUD.swift */ = {isa = PBXFileReference; lastKnownFileType = sourcecode.swift; path = UIBlockingProgressHUD.swift; sourceTree = "<group>"; };
		43BA28EE2C80651800FFC88B /* ProfileService.swift */ = {isa = PBXFileReference; lastKnownFileType = sourcecode.swift; path = ProfileService.swift; sourceTree = "<group>"; };
		43BA28F02C80656700FFC88B /* ProfileResultBody.swift */ = {isa = PBXFileReference; lastKnownFileType = sourcecode.swift; path = ProfileResultBody.swift; sourceTree = "<group>"; };
		43BA28F22C808B1F00FFC88B /* ProfileImageService.swift */ = {isa = PBXFileReference; lastKnownFileType = sourcecode.swift; path = ProfileImageService.swift; sourceTree = "<group>"; };
		43BA28F42C808C4C00FFC88B /* UserResultBody.swift */ = {isa = PBXFileReference; lastKnownFileType = sourcecode.swift; path = UserResultBody.swift; sourceTree = "<group>"; };
		43BA28FD2C81FDD800FFC88B /* TabBarController.swift */ = {isa = PBXFileReference; lastKnownFileType = sourcecode.swift; path = TabBarController.swift; sourceTree = "<group>"; };
/* End PBXFileReference section */

/* Begin PBXFrameworksBuildPhase section */
		4369E9F92C47F42300456488 /* Frameworks */ = {
			isa = PBXFrameworksBuildPhase;
			buildActionMask = 2147483647;
			files = (
				43BA28F82C81DC0F00FFC88B /* Kingfisher in Frameworks */,
				43BA28EA2C7DD73E00FFC88B /* ProgressHUD in Frameworks */,
				43BA28FB2C81FB7000FFC88B /* SwiftKeychainWrapper in Frameworks */,
			);
			runOnlyForDeploymentPostprocessing = 0;
		};
/* End PBXFrameworksBuildPhase section */

/* Begin PBXGroup section */
		4366F4942C69FBE400309225 /* Constants */ = {
			isa = PBXGroup;
			children = (
				4366F4952C69FBF200309225 /* Constants.swift */,
			);
			path = Constants;
			sourceTree = "<group>";
		};
		4366F49A2C6A0CBB00309225 /* Auth */ = {
			isa = PBXGroup;
			children = (
				4366F49B2C6A0CCA00309225 /* AuthViewController.swift */,
				4366F49D2C6A0DB300309225 /* WebViewViewController.swift */,
				43BA28E62C6DED9A00FFC88B /* AuthViewControllerDelegate.swift */,
			);
			path = Auth;
			sourceTree = "<group>";
		};
		4366F4A32C6CB37C00309225 /* Extensions */ = {
			isa = PBXGroup;
			children = (
				4366F4A42C6CB38A00309225 /* URLSession+data.swift */,
			);
			path = Extensions;
			sourceTree = "<group>";
		};
		4366F4A82C6CF25A00309225 /* Models */ = {
			isa = PBXGroup;
			children = (
				4366F4A92C6CF2BE00309225 /* OAuthTokenResponseBody.swift */,
				43BA28F02C80656700FFC88B /* ProfileResultBody.swift */,
				43BA28F42C808C4C00FFC88B /* UserResultBody.swift */,
			);
			path = Models;
			sourceTree = "<group>";
		};
		4366F4AB2C6CF2F600309225 /* Services */ = {
			isa = PBXGroup;
			children = (
				4366F4A12C6CA8B600309225 /* OAuth2Service.swift */,
				4366F4A62C6CBC7B00309225 /* OAuth2TokenStorage.swift */,
				43BA28EE2C80651800FFC88B /* ProfileService.swift */,
				43BA28F22C808B1F00FFC88B /* ProfileImageService.swift */,
			);
			path = Services;
			sourceTree = "<group>";
		};
		4369E9F32C47F42300456488 = {
			isa = PBXGroup;
			children = (
				4369E9FE2C47F42300456488 /* ImageFeed */,
				4369E9FD2C47F42300456488 /* Products */,
			);
			sourceTree = "<group>";
		};
		4369E9FD2C47F42300456488 /* Products */ = {
			isa = PBXGroup;
			children = (
				4369E9FC2C47F42300456488 /* ImageFeed.app */,
			);
			name = Products;
			sourceTree = "<group>";
		};
		4369E9FE2C47F42300456488 /* ImageFeed */ = {
			isa = PBXGroup;
			children = (
				43BA28FC2C81FDCD00FFC88B /* Tab Bar */,
				43BA28EB2C7DEE1E00FFC88B /* Block */,
				43BA28E32C6DEAC100FFC88B /* Splash */,
				4366F4AB2C6CF2F600309225 /* Services */,
				4366F4A82C6CF25A00309225 /* Models */,
				4366F49A2C6A0CBB00309225 /* Auth */,
				4369EA392C538E0900456488 /* Recources */,
				4369EA362C53889E00456488 /* ProfileList */,
				4369EA332C4EA98C00456488 /* ImagesList */,
				4369E9FF2C47F42300456488 /* AppDelegate.swift */,
				4369EA012C47F42300456488 /* SceneDelegate.swift */,
				4369EA052C47F42300456488 /* Main.storyboard */,
				4369EA082C47F42400456488 /* Assets.xcassets */,
				4369EA0A2C47F42400456488 /* LaunchScreen.storyboard */,
				4369EA0D2C47F42400456488 /* Info.plist */,
			);
			path = ImageFeed;
			sourceTree = "<group>";
		};
		4369EA332C4EA98C00456488 /* ImagesList */ = {
			isa = PBXGroup;
			children = (
				4369EA032C47F42300456488 /* ImagesListViewController.swift */,
				4369EA342C4EA9AA00456488 /* ImagesListCell.swift */,
				4369EA3F2C58E63300456488 /* SingleImageViewController.swift */,
			);
			path = ImagesList;
			sourceTree = "<group>";
		};
		4369EA362C53889E00456488 /* ProfileList */ = {
			isa = PBXGroup;
			children = (
				4369EA372C5388B400456488 /* ProfileViewController.swift */,
			);
			path = ProfileList;
			sourceTree = "<group>";
		};
		4369EA392C538E0900456488 /* Recources */ = {
			isa = PBXGroup;
			children = (
				4366F4A32C6CB37C00309225 /* Extensions */,
				4366F4942C69FBE400309225 /* Constants */,
				4369EA3A2C538E1A00456488 /* Fonts */,
			);
			path = Recources;
			sourceTree = "<group>";
		};
		4369EA3A2C538E1A00456488 /* Fonts */ = {
			isa = PBXGroup;
			children = (
				4369EA3B2C538E2F00456488 /* SFProText-Bold.ttf */,
				4369EA3C2C538E2F00456488 /* SFProText-Regular.ttf */,
			);
			path = Fonts;
			sourceTree = "<group>";
		};
		43BA28E32C6DEAC100FFC88B /* Splash */ = {
			isa = PBXGroup;
			children = (
				43BA28E42C6DEACD00FFC88B /* SplashViewController.swift */,
			);
			path = Splash;
			sourceTree = "<group>";
		};
		43BA28EB2C7DEE1E00FFC88B /* Block */ = {
			isa = PBXGroup;
			children = (
				43BA28EC2C7DEE3000FFC88B /* UIBlockingProgressHUD.swift */,
			);
			path = Block;
			sourceTree = "<group>";
		};
		43BA28FC2C81FDCD00FFC88B /* Tab Bar */ = {
			isa = PBXGroup;
			children = (
				43BA28FD2C81FDD800FFC88B /* TabBarController.swift */,
			);
			path = "Tab Bar";
			sourceTree = "<group>";
		};
/* End PBXGroup section */

/* Begin PBXNativeTarget section */
		4369E9FB2C47F42300456488 /* ImageFeed */ = {
			isa = PBXNativeTarget;
			buildConfigurationList = 4369EA102C47F42400456488 /* Build configuration list for PBXNativeTarget "ImageFeed" */;
			buildPhases = (
				4369E9F82C47F42300456488 /* Sources */,
				4369E9F92C47F42300456488 /* Frameworks */,
				4369E9FA2C47F42300456488 /* Resources */,
			);
			buildRules = (
			);
			dependencies = (
			);
			name = ImageFeed;
			packageProductDependencies = (
				43BA28E92C7DD73E00FFC88B /* ProgressHUD */,
				43BA28F72C81DC0F00FFC88B /* Kingfisher */,
				43BA28FA2C81FB7000FFC88B /* SwiftKeychainWrapper */,
			);
			productName = ImageFeed;
			productReference = 4369E9FC2C47F42300456488 /* ImageFeed.app */;
			productType = "com.apple.product-type.application";
		};
/* End PBXNativeTarget section */

/* Begin PBXProject section */
		4369E9F42C47F42300456488 /* Project object */ = {
			isa = PBXProject;
			attributes = {
				BuildIndependentTargetsInParallel = 1;
				LastSwiftUpdateCheck = 1340;
				LastUpgradeCheck = 1540;
				TargetAttributes = {
					4369E9FB2C47F42300456488 = {
						CreatedOnToolsVersion = 13.4.1;
					};
				};
			};
			buildConfigurationList = 4369E9F72C47F42300456488 /* Build configuration list for PBXProject "ImageFeed" */;
			compatibilityVersion = "Xcode 13.0";
			developmentRegion = en;
			hasScannedForEncodings = 0;
			knownRegions = (
				en,
				Base,
			);
			mainGroup = 4369E9F32C47F42300456488;
			packageReferences = (
				43BA28E82C7DD73E00FFC88B /* XCRemoteSwiftPackageReference "ProgressHUD" */,
				43BA28F62C81DC0F00FFC88B /* XCRemoteSwiftPackageReference "Kingfisher" */,
				43BA28F92C81FB7000FFC88B /* XCRemoteSwiftPackageReference "SwiftKeychainWrapper" */,
			);
			productRefGroup = 4369E9FD2C47F42300456488 /* Products */;
			projectDirPath = "";
			projectRoot = "";
			targets = (
				4369E9FB2C47F42300456488 /* ImageFeed */,
			);
		};
/* End PBXProject section */

/* Begin PBXResourcesBuildPhase section */
		4369E9FA2C47F42300456488 /* Resources */ = {
			isa = PBXResourcesBuildPhase;
			buildActionMask = 2147483647;
			files = (
				4369EA0C2C47F42400456488 /* LaunchScreen.storyboard in Resources */,
				4369EA092C47F42400456488 /* Assets.xcassets in Resources */,
				4369EA072C47F42300456488 /* Main.storyboard in Resources */,
				4369EA3E2C538E2F00456488 /* SFProText-Regular.ttf in Resources */,
				4369EA3D2C538E2F00456488 /* SFProText-Bold.ttf in Resources */,
			);
			runOnlyForDeploymentPostprocessing = 0;
		};
/* End PBXResourcesBuildPhase section */

/* Begin PBXSourcesBuildPhase section */
		4369E9F82C47F42300456488 /* Sources */ = {
			isa = PBXSourcesBuildPhase;
			buildActionMask = 2147483647;
			files = (
				4366F4A72C6CBC7B00309225 /* OAuth2TokenStorage.swift in Sources */,
				4369EA042C47F42300456488 /* ImagesListViewController.swift in Sources */,
				4369EA352C4EA9AA00456488 /* ImagesListCell.swift in Sources */,
				43BA28ED2C7DEE3000FFC88B /* UIBlockingProgressHUD.swift in Sources */,
				43BA28E72C6DED9A00FFC88B /* AuthViewControllerDelegate.swift in Sources */,
				4369EA382C5388B400456488 /* ProfileViewController.swift in Sources */,
				4369EA002C47F42300456488 /* AppDelegate.swift in Sources */,
				43BA28EF2C80651800FFC88B /* ProfileService.swift in Sources */,
				43BA28E52C6DEACD00FFC88B /* SplashViewController.swift in Sources */,
				4366F4AA2C6CF2BE00309225 /* OAuthTokenResponseBody.swift in Sources */,
				43BA28F12C80656700FFC88B /* ProfileResultBody.swift in Sources */,
				43BA28F32C808B1F00FFC88B /* ProfileImageService.swift in Sources */,
				4366F49C2C6A0CCA00309225 /* AuthViewController.swift in Sources */,
				4366F4962C69FBF200309225 /* Constants.swift in Sources */,
				4369EA402C58E63300456488 /* SingleImageViewController.swift in Sources */,
				4366F4A52C6CB38A00309225 /* URLSession+data.swift in Sources */,
				4366F49E2C6A0DB300309225 /* WebViewViewController.swift in Sources */,
				4366F4A22C6CA8B600309225 /* OAuth2Service.swift in Sources */,
				43BA28FE2C81FDD800FFC88B /* TabBarController.swift in Sources */,
				4369EA022C47F42300456488 /* SceneDelegate.swift in Sources */,
				43BA28F52C808C4C00FFC88B /* UserResultBody.swift in Sources */,
			);
			runOnlyForDeploymentPostprocessing = 0;
		};
/* End PBXSourcesBuildPhase section */

/* Begin PBXVariantGroup section */
		4369EA052C47F42300456488 /* Main.storyboard */ = {
			isa = PBXVariantGroup;
			children = (
				4369EA062C47F42300456488 /* Base */,
			);
			name = Main.storyboard;
			sourceTree = "<group>";
		};
		4369EA0A2C47F42400456488 /* LaunchScreen.storyboard */ = {
			isa = PBXVariantGroup;
			children = (
				4369EA0B2C47F42400456488 /* Base */,
			);
			name = LaunchScreen.storyboard;
			sourceTree = "<group>";
		};
/* End PBXVariantGroup section */

/* Begin XCBuildConfiguration section */
		4369EA0E2C47F42400456488 /* Debug */ = {
			isa = XCBuildConfiguration;
			buildSettings = {
				ALWAYS_SEARCH_USER_PATHS = NO;
				CLANG_ANALYZER_NONNULL = YES;
				CLANG_ANALYZER_NUMBER_OBJECT_CONVERSION = YES_AGGRESSIVE;
				CLANG_CXX_LANGUAGE_STANDARD = "gnu++17";
				CLANG_ENABLE_MODULES = YES;
				CLANG_ENABLE_OBJC_ARC = YES;
				CLANG_ENABLE_OBJC_WEAK = YES;
				CLANG_WARN_BLOCK_CAPTURE_AUTORELEASING = YES;
				CLANG_WARN_BOOL_CONVERSION = YES;
				CLANG_WARN_COMMA = YES;
				CLANG_WARN_CONSTANT_CONVERSION = YES;
				CLANG_WARN_DEPRECATED_OBJC_IMPLEMENTATIONS = YES;
				CLANG_WARN_DIRECT_OBJC_ISA_USAGE = YES_ERROR;
				CLANG_WARN_DOCUMENTATION_COMMENTS = YES;
				CLANG_WARN_EMPTY_BODY = YES;
				CLANG_WARN_ENUM_CONVERSION = YES;
				CLANG_WARN_INFINITE_RECURSION = YES;
				CLANG_WARN_INT_CONVERSION = YES;
				CLANG_WARN_NON_LITERAL_NULL_CONVERSION = YES;
				CLANG_WARN_OBJC_IMPLICIT_RETAIN_SELF = YES;
				CLANG_WARN_OBJC_LITERAL_CONVERSION = YES;
				CLANG_WARN_OBJC_ROOT_CLASS = YES_ERROR;
				CLANG_WARN_QUOTED_INCLUDE_IN_FRAMEWORK_HEADER = YES;
				CLANG_WARN_RANGE_LOOP_ANALYSIS = YES;
				CLANG_WARN_STRICT_PROTOTYPES = YES;
				CLANG_WARN_SUSPICIOUS_MOVE = YES;
				CLANG_WARN_UNGUARDED_AVAILABILITY = YES_AGGRESSIVE;
				CLANG_WARN_UNREACHABLE_CODE = YES;
				CLANG_WARN__DUPLICATE_METHOD_MATCH = YES;
				COPY_PHASE_STRIP = NO;
				DEBUG_INFORMATION_FORMAT = dwarf;
				ENABLE_STRICT_OBJC_MSGSEND = YES;
				ENABLE_TESTABILITY = YES;
				ENABLE_USER_SCRIPT_SANDBOXING = YES;
				GCC_C_LANGUAGE_STANDARD = gnu11;
				GCC_DYNAMIC_NO_PIC = NO;
				GCC_NO_COMMON_BLOCKS = YES;
				GCC_OPTIMIZATION_LEVEL = 0;
				GCC_PREPROCESSOR_DEFINITIONS = (
					"DEBUG=1",
					"$(inherited)",
				);
				GCC_WARN_64_TO_32_BIT_CONVERSION = YES;
				GCC_WARN_ABOUT_RETURN_TYPE = YES_ERROR;
				GCC_WARN_UNDECLARED_SELECTOR = YES;
				GCC_WARN_UNINITIALIZED_AUTOS = YES_AGGRESSIVE;
				GCC_WARN_UNUSED_FUNCTION = YES;
				GCC_WARN_UNUSED_VARIABLE = YES;
				IPHONEOS_DEPLOYMENT_TARGET = 13.0;
				MTL_ENABLE_DEBUG_INFO = INCLUDE_SOURCE;
				MTL_FAST_MATH = YES;
				ONLY_ACTIVE_ARCH = YES;
				SDKROOT = iphoneos;
				SWIFT_ACTIVE_COMPILATION_CONDITIONS = DEBUG;
				SWIFT_OPTIMIZATION_LEVEL = "-Onone";
			};
			name = Debug;
		};
		4369EA0F2C47F42400456488 /* Release */ = {
			isa = XCBuildConfiguration;
			buildSettings = {
				ALWAYS_SEARCH_USER_PATHS = NO;
				CLANG_ANALYZER_NONNULL = YES;
				CLANG_ANALYZER_NUMBER_OBJECT_CONVERSION = YES_AGGRESSIVE;
				CLANG_CXX_LANGUAGE_STANDARD = "gnu++17";
				CLANG_ENABLE_MODULES = YES;
				CLANG_ENABLE_OBJC_ARC = YES;
				CLANG_ENABLE_OBJC_WEAK = YES;
				CLANG_WARN_BLOCK_CAPTURE_AUTORELEASING = YES;
				CLANG_WARN_BOOL_CONVERSION = YES;
				CLANG_WARN_COMMA = YES;
				CLANG_WARN_CONSTANT_CONVERSION = YES;
				CLANG_WARN_DEPRECATED_OBJC_IMPLEMENTATIONS = YES;
				CLANG_WARN_DIRECT_OBJC_ISA_USAGE = YES_ERROR;
				CLANG_WARN_DOCUMENTATION_COMMENTS = YES;
				CLANG_WARN_EMPTY_BODY = YES;
				CLANG_WARN_ENUM_CONVERSION = YES;
				CLANG_WARN_INFINITE_RECURSION = YES;
				CLANG_WARN_INT_CONVERSION = YES;
				CLANG_WARN_NON_LITERAL_NULL_CONVERSION = YES;
				CLANG_WARN_OBJC_IMPLICIT_RETAIN_SELF = YES;
				CLANG_WARN_OBJC_LITERAL_CONVERSION = YES;
				CLANG_WARN_OBJC_ROOT_CLASS = YES_ERROR;
				CLANG_WARN_QUOTED_INCLUDE_IN_FRAMEWORK_HEADER = YES;
				CLANG_WARN_RANGE_LOOP_ANALYSIS = YES;
				CLANG_WARN_STRICT_PROTOTYPES = YES;
				CLANG_WARN_SUSPICIOUS_MOVE = YES;
				CLANG_WARN_UNGUARDED_AVAILABILITY = YES_AGGRESSIVE;
				CLANG_WARN_UNREACHABLE_CODE = YES;
				CLANG_WARN__DUPLICATE_METHOD_MATCH = YES;
				COPY_PHASE_STRIP = NO;
				DEBUG_INFORMATION_FORMAT = "dwarf-with-dsym";
				ENABLE_NS_ASSERTIONS = NO;
				ENABLE_STRICT_OBJC_MSGSEND = YES;
				ENABLE_USER_SCRIPT_SANDBOXING = YES;
				GCC_C_LANGUAGE_STANDARD = gnu11;
				GCC_NO_COMMON_BLOCKS = YES;
				GCC_WARN_64_TO_32_BIT_CONVERSION = YES;
				GCC_WARN_ABOUT_RETURN_TYPE = YES_ERROR;
				GCC_WARN_UNDECLARED_SELECTOR = YES;
				GCC_WARN_UNINITIALIZED_AUTOS = YES_AGGRESSIVE;
				GCC_WARN_UNUSED_FUNCTION = YES;
				GCC_WARN_UNUSED_VARIABLE = YES;
				IPHONEOS_DEPLOYMENT_TARGET = 13.0;
				MTL_ENABLE_DEBUG_INFO = NO;
				MTL_FAST_MATH = YES;
				SDKROOT = iphoneos;
				SWIFT_COMPILATION_MODE = wholemodule;
				SWIFT_OPTIMIZATION_LEVEL = "-O";
				VALIDATE_PRODUCT = YES;
			};
			name = Release;
		};
		4369EA112C47F42400456488 /* Debug */ = {
			isa = XCBuildConfiguration;
			buildSettings = {
				ASSETCATALOG_COMPILER_APPICON_NAME = AppIcon;
				ASSETCATALOG_COMPILER_GLOBAL_ACCENT_COLOR_NAME = AccentColor;
				CODE_SIGN_STYLE = Automatic;
				CURRENT_PROJECT_VERSION = 1;
				DEVELOPMENT_TEAM = V6DMK3YX7D;
				GENERATE_INFOPLIST_FILE = YES;
				INFOPLIST_FILE = ImageFeed/Info.plist;
				INFOPLIST_KEY_UIApplicationSupportsIndirectInputEvents = YES;
				INFOPLIST_KEY_UILaunchStoryboardName = LaunchScreen;
				INFOPLIST_KEY_UIMainStoryboardFile = Main;
				INFOPLIST_KEY_UISupportedInterfaceOrientations = UIInterfaceOrientationPortrait;
				INFOPLIST_KEY_UISupportedInterfaceOrientations_iPad = "UIInterfaceOrientationPortrait UIInterfaceOrientationPortraitUpsideDown UIInterfaceOrientationLandscapeLeft UIInterfaceOrientationLandscapeRight";
				INFOPLIST_KEY_UISupportedInterfaceOrientations_iPhone = UIInterfaceOrientationPortrait;
				IPHONEOS_DEPLOYMENT_TARGET = 13.0;
				LD_RUNPATH_SEARCH_PATHS = (
					"$(inherited)",
					"@executable_path/Frameworks",
				);
				MARKETING_VERSION = 1.0;
				PRODUCT_BUNDLE_IDENTIFIER = ru.yandex.practicum.ImageFeed;
				PRODUCT_NAME = "$(TARGET_NAME)";
				SWIFT_EMIT_LOC_STRINGS = YES;
				SWIFT_VERSION = 5.0;
				TARGETED_DEVICE_FAMILY = 1;
			};
			name = Debug;
		};
		4369EA122C47F42400456488 /* Release */ = {
			isa = XCBuildConfiguration;
			buildSettings = {
				ASSETCATALOG_COMPILER_APPICON_NAME = AppIcon;
				ASSETCATALOG_COMPILER_GLOBAL_ACCENT_COLOR_NAME = AccentColor;
				CODE_SIGN_STYLE = Automatic;
				CURRENT_PROJECT_VERSION = 1;
				DEVELOPMENT_TEAM = V6DMK3YX7D;
				GENERATE_INFOPLIST_FILE = YES;
				INFOPLIST_FILE = ImageFeed/Info.plist;
				INFOPLIST_KEY_UIApplicationSupportsIndirectInputEvents = YES;
				INFOPLIST_KEY_UILaunchStoryboardName = LaunchScreen;
				INFOPLIST_KEY_UIMainStoryboardFile = Main;
				INFOPLIST_KEY_UISupportedInterfaceOrientations = UIInterfaceOrientationPortrait;
				INFOPLIST_KEY_UISupportedInterfaceOrientations_iPad = "UIInterfaceOrientationPortrait UIInterfaceOrientationPortraitUpsideDown UIInterfaceOrientationLandscapeLeft UIInterfaceOrientationLandscapeRight";
				INFOPLIST_KEY_UISupportedInterfaceOrientations_iPhone = UIInterfaceOrientationPortrait;
				IPHONEOS_DEPLOYMENT_TARGET = 13.0;
				LD_RUNPATH_SEARCH_PATHS = (
					"$(inherited)",
					"@executable_path/Frameworks",
				);
				MARKETING_VERSION = 1.0;
				PRODUCT_BUNDLE_IDENTIFIER = ru.yandex.practicum.ImageFeed;
				PRODUCT_NAME = "$(TARGET_NAME)";
				SWIFT_EMIT_LOC_STRINGS = YES;
				SWIFT_VERSION = 5.0;
				TARGETED_DEVICE_FAMILY = 1;
			};
			name = Release;
		};
/* End XCBuildConfiguration section */

/* Begin XCConfigurationList section */
		4369E9F72C47F42300456488 /* Build configuration list for PBXProject "ImageFeed" */ = {
			isa = XCConfigurationList;
			buildConfigurations = (
				4369EA0E2C47F42400456488 /* Debug */,
				4369EA0F2C47F42400456488 /* Release */,
			);
			defaultConfigurationIsVisible = 0;
			defaultConfigurationName = Release;
		};
		4369EA102C47F42400456488 /* Build configuration list for PBXNativeTarget "ImageFeed" */ = {
			isa = XCConfigurationList;
			buildConfigurations = (
				4369EA112C47F42400456488 /* Debug */,
				4369EA122C47F42400456488 /* Release */,
			);
			defaultConfigurationIsVisible = 0;
			defaultConfigurationName = Release;
		};
/* End XCConfigurationList section */

/* Begin XCRemoteSwiftPackageReference section */
		43BA28E82C7DD73E00FFC88B /* XCRemoteSwiftPackageReference "ProgressHUD" */ = {
			isa = XCRemoteSwiftPackageReference;
			repositoryURL = "https://github.com/relatedcode/ProgressHUD";
			requirement = {
				kind = upToNextMajorVersion;
				minimumVersion = 14.1.3;
			};
		};
		43BA28F62C81DC0F00FFC88B /* XCRemoteSwiftPackageReference "Kingfisher" */ = {
			isa = XCRemoteSwiftPackageReference;
			repositoryURL = "https://github.com/onevcat/Kingfisher.git";
			requirement = {
				kind = upToNextMajorVersion;
				minimumVersion = 7.12.0;
			};
		};
		43BA28F92C81FB7000FFC88B /* XCRemoteSwiftPackageReference "SwiftKeychainWrapper" */ = {
			isa = XCRemoteSwiftPackageReference;
			repositoryURL = "https://github.com/jrendel/SwiftKeychainWrapper";
			requirement = {
				kind = upToNextMajorVersion;
				minimumVersion = 4.0.1;
			};
		};
/* End XCRemoteSwiftPackageReference section */

/* Begin XCSwiftPackageProductDependency section */
		43BA28E92C7DD73E00FFC88B /* ProgressHUD */ = {
			isa = XCSwiftPackageProductDependency;
			package = 43BA28E82C7DD73E00FFC88B /* XCRemoteSwiftPackageReference "ProgressHUD" */;
			productName = ProgressHUD;
		};
		43BA28F72C81DC0F00FFC88B /* Kingfisher */ = {
			isa = XCSwiftPackageProductDependency;
			package = 43BA28F62C81DC0F00FFC88B /* XCRemoteSwiftPackageReference "Kingfisher" */;
			productName = Kingfisher;
		};
		43BA28FA2C81FB7000FFC88B /* SwiftKeychainWrapper */ = {
			isa = XCSwiftPackageProductDependency;
			package = 43BA28F92C81FB7000FFC88B /* XCRemoteSwiftPackageReference "SwiftKeychainWrapper" */;
			productName = SwiftKeychainWrapper;
		};
/* End XCSwiftPackageProductDependency section */
	};
	rootObject = 4369E9F42C47F42300456488 /* Project object */;
}
